// !$*UTF8*$!
{
	archiveVersion = 1;
	classes = {
	};
	objectVersion = 55;
	objects = {

/* Begin PBXBuildFile section */
		2117FD662A701251004D9965 /* Fight.swift in Sources */ = {isa = PBXBuildFile; fileRef = 2117FD652A701251004D9965 /* Fight.swift */; };
		21A88C262A65665E00CBFE40 /* main.swift in Sources */ = {isa = PBXBuildFile; fileRef = 21A88C252A65665E00CBFE40 /* main.swift */; };
		21A88C2D2A65696500CBFE40 /* Game.swift in Sources */ = {isa = PBXBuildFile; fileRef = 21A88C2C2A65696500CBFE40 /* Game.swift */; };
		21A88C2F2A656A3C00CBFE40 /* Player.swift in Sources */ = {isa = PBXBuildFile; fileRef = 21A88C2E2A656A3C00CBFE40 /* Player.swift */; };
		21A88C312A656D7400CBFE40 /* UserCharacter.swift in Sources */ = {isa = PBXBuildFile; fileRef = 21A88C302A656D7400CBFE40 /* UserCharacter.swift */; };
		21CE50D52A6969B200F0C920 /* Weapon.swift in Sources */ = {isa = PBXBuildFile; fileRef = 21CE50D42A6969B200F0C920 /* Weapon.swift */; };
/* End PBXBuildFile section */

/* Begin PBXCopyFilesBuildPhase section */
		21A88C202A65665E00CBFE40 /* CopyFiles */ = {
			isa = PBXCopyFilesBuildPhase;
			buildActionMask = 2147483647;
			dstPath = /usr/share/man/man1/;
			dstSubfolderSpec = 0;
			files = (
			);
			runOnlyForDeploymentPostprocessing = 1;
		};
/* End PBXCopyFilesBuildPhase section */

/* Begin PBXFileReference section */
		2117FD652A701251004D9965 /* Fight.swift */ = {isa = PBXFileReference; lastKnownFileType = sourcecode.swift; path = Fight.swift; sourceTree = "<group>"; };
		21A88C222A65665E00CBFE40 /* JERMIDI_Jimmy_1_code_source_072023 */ = {isa = PBXFileReference; explicitFileType = "compiled.mach-o.executable"; includeInIndex = 0; path = JERMIDI_Jimmy_1_code_source_072023; sourceTree = BUILT_PRODUCTS_DIR; };
		21A88C252A65665E00CBFE40 /* main.swift */ = {isa = PBXFileReference; lastKnownFileType = sourcecode.swift; path = main.swift; sourceTree = "<group>"; };
		21A88C2C2A65696500CBFE40 /* Game.swift */ = {isa = PBXFileReference; lastKnownFileType = sourcecode.swift; path = Game.swift; sourceTree = "<group>"; };
		21A88C2E2A656A3C00CBFE40 /* Player.swift */ = {isa = PBXFileReference; lastKnownFileType = sourcecode.swift; path = Player.swift; sourceTree = "<group>"; };
		21A88C302A656D7400CBFE40 /* UserCharacter.swift */ = {isa = PBXFileReference; lastKnownFileType = sourcecode.swift; path = UserCharacter.swift; sourceTree = "<group>"; };
		21CE50D42A6969B200F0C920 /* Weapon.swift */ = {isa = PBXFileReference; lastKnownFileType = sourcecode.swift; path = Weapon.swift; sourceTree = "<group>"; };
/* End PBXFileReference section */

/* Begin PBXFrameworksBuildPhase section */
		21A88C1F2A65665E00CBFE40 /* Frameworks */ = {
			isa = PBXFrameworksBuildPhase;
			buildActionMask = 2147483647;
			files = (
			);
			runOnlyForDeploymentPostprocessing = 0;
		};
/* End PBXFrameworksBuildPhase section */

/* Begin PBXGroup section */
		21A88C192A65665E00CBFE40 = {
			isa = PBXGroup;
			children = (
				21A88C242A65665E00CBFE40 /* JERMIDI_Jimmy_1_code_source_072023 */,
				21A88C232A65665E00CBFE40 /* Products */,
			);
			sourceTree = "<group>";
		};
		21A88C232A65665E00CBFE40 /* Products */ = {
			isa = PBXGroup;
			children = (
				21A88C222A65665E00CBFE40 /* JERMIDI_Jimmy_1_code_source_072023 */,
			);
			name = Products;
			sourceTree = "<group>";
		};
		21A88C242A65665E00CBFE40 /* JERMIDI_Jimmy_1_code_source_072023 */ = {
			isa = PBXGroup;
			children = (
				21A88C252A65665E00CBFE40 /* main.swift */,
				21A88C302A656D7400CBFE40 /* UserCharacter.swift */,
				21A88C2C2A65696500CBFE40 /* Game.swift */,
				21A88C2E2A656A3C00CBFE40 /* Player.swift */,
				21CE50D42A6969B200F0C920 /* Weapon.swift */,
				2117FD652A701251004D9965 /* Fight.swift */,
			);
			path = JERMIDI_Jimmy_1_code_source_072023;
			sourceTree = "<group>";
		};
/* End PBXGroup section */

/* Begin PBXNativeTarget section */
		21A88C212A65665E00CBFE40 /* JERMIDI_Jimmy_1_code_source_072023 */ = {
			isa = PBXNativeTarget;
			buildConfigurationList = 21A88C292A65665E00CBFE40 /* Build configuration list for PBXNativeTarget "JERMIDI_Jimmy_1_code_source_072023" */;
			buildPhases = (
				21A88C1E2A65665E00CBFE40 /* Sources */,
				21A88C1F2A65665E00CBFE40 /* Frameworks */,
				21A88C202A65665E00CBFE40 /* CopyFiles */,
			);
			buildRules = (
			);
			dependencies = (
			);
			name = JERMIDI_Jimmy_1_code_source_072023;
			productName = JERMIDI_Jimmy_1_code_source_072023;
			productReference = 21A88C222A65665E00CBFE40 /* JERMIDI_Jimmy_1_code_source_072023 */;
			productType = "com.apple.product-type.tool";
		};
/* End PBXNativeTarget section */

/* Begin PBXProject section */
		21A88C1A2A65665E00CBFE40 /* Project object */ = {
			isa = PBXProject;
			attributes = {
				BuildIndependentTargetsInParallel = 1;
				LastSwiftUpdateCheck = 1320;
				LastUpgradeCheck = 1320;
				TargetAttributes = {
					21A88C212A65665E00CBFE40 = {
						CreatedOnToolsVersion = 13.2.1;
					};
				};
			};
			buildConfigurationList = 21A88C1D2A65665E00CBFE40 /* Build configuration list for PBXProject "JERMIDI_Jimmy_1_code_source_072023" */;
			compatibilityVersion = "Xcode 13.0";
			developmentRegion = en;
			hasScannedForEncodings = 0;
			knownRegions = (
				en,
				Base,
			);
			mainGroup = 21A88C192A65665E00CBFE40;
			productRefGroup = 21A88C232A65665E00CBFE40 /* Products */;
			projectDirPath = "";
			projectRoot = "";
			targets = (
				21A88C212A65665E00CBFE40 /* JERMIDI_Jimmy_1_code_source_072023 */,
			);
		};
/* End PBXProject section */

/* Begin PBXSourcesBuildPhase section */
		21A88C1E2A65665E00CBFE40 /* Sources */ = {
			isa = PBXSourcesBuildPhase;
			buildActionMask = 2147483647;
			files = (
				21A88C262A65665E00CBFE40 /* main.swift in Sources */,
				21A88C2F2A656A3C00CBFE40 /* Player.swift in Sources */,
				21A88C2D2A65696500CBFE40 /* Game.swift in Sources */,
				21A88C312A656D7400CBFE40 /* UserCharacter.swift in Sources */,
				21CE50D52A6969B200F0C920 /* Weapon.swift in Sources */,
				2117FD662A701251004D9965 /* Fight.swift in Sources */,
			);
			runOnlyForDeploymentPostprocessing = 0;
		};
/* End PBXSourcesBuildPhase section */

/* Begin XCBuildConfiguration section */
		21A88C272A65665E00CBFE40 /* Debug */ = {
			isa = XCBuildConfiguration;
			buildSettings = {
				ALWAYS_SEARCH_USER_PATHS = NO;
				CLANG_ANALYZER_NONNULL = YES;
				CLANG_ANALYZER_NUMBER_OBJECT_CONVERSION = YES_AGGRESSIVE;
				CLANG_CXX_LANGUAGE_STANDARD = "gnu++17";
				CLANG_CXX_LIBRARY = "libc++";
				CLANG_ENABLE_MODULES = YES;
				CLANG_ENABLE_OBJC_ARC = YES;
				CLANG_ENABLE_OBJC_WEAK = YES;
				CLANG_WARN_BLOCK_CAPTURE_AUTORELEASING = YES;
				CLANG_WARN_BOOL_CONVERSION = YES;
				CLANG_WARN_COMMA = YES;
				CLANG_WARN_CONSTANT_CONVERSION = YES;
				CLANG_WARN_DEPRECATED_OBJC_IMPLEMENTATIONS = YES;
				CLANG_WARN_DIRECT_OBJC_ISA_USAGE = YES_ERROR;
				CLANG_WARN_DOCUMENTATION_COMMENTS = YES;
				CLANG_WARN_EMPTY_BODY = YES;
				CLANG_WARN_ENUM_CONVERSION = YES;
				CLANG_WARN_INFINITE_RECURSION = YES;
				CLANG_WARN_INT_CONVERSION = YES;
				CLANG_WARN_NON_LITERAL_NULL_CONVERSION = YES;
				CLANG_WARN_OBJC_IMPLICIT_RETAIN_SELF = YES;
				CLANG_WARN_OBJC_LITERAL_CONVERSION = YES;
				CLANG_WARN_OBJC_ROOT_CLASS = YES_ERROR;
				CLANG_WARN_QUOTED_INCLUDE_IN_FRAMEWORK_HEADER = YES;
				CLANG_WARN_RANGE_LOOP_ANALYSIS = YES;
				CLANG_WARN_STRICT_PROTOTYPES = YES;
				CLANG_WARN_SUSPICIOUS_MOVE = YES;
				CLANG_WARN_UNGUARDED_AVAILABILITY = YES_AGGRESSIVE;
				CLANG_WARN_UNREACHABLE_CODE = YES;
				CLANG_WARN__DUPLICATE_METHOD_MATCH = YES;
				COPY_PHASE_STRIP = NO;
				DEBUG_INFORMATION_FORMAT = dwarf;
				ENABLE_STRICT_OBJC_MSGSEND = YES;
				ENABLE_TESTABILITY = YES;
				GCC_C_LANGUAGE_STANDARD = gnu11;
				GCC_DYNAMIC_NO_PIC = NO;
				GCC_NO_COMMON_BLOCKS = YES;
				GCC_OPTIMIZATION_LEVEL = 0;
				GCC_PREPROCESSOR_DEFINITIONS = (
					"DEBUG=1",
					"$(inherited)",
				);
				GCC_WARN_64_TO_32_BIT_CONVERSION = YES;
				GCC_WARN_ABOUT_RETURN_TYPE = YES_ERROR;
				GCC_WARN_UNDECLARED_SELECTOR = YES;
				GCC_WARN_UNINITIALIZED_AUTOS = YES_AGGRESSIVE;
				GCC_WARN_UNUSED_FUNCTION = YES;
				GCC_WARN_UNUSED_VARIABLE = YES;
				MACOSX_DEPLOYMENT_TARGET = 11.7;
				MTL_ENABLE_DEBUG_INFO = INCLUDE_SOURCE;
				MTL_FAST_MATH = YES;
				ONLY_ACTIVE_ARCH = YES;
				SDKROOT = macosx;
				SWIFT_ACTIVE_COMPILATION_CONDITIONS = DEBUG;
				SWIFT_OPTIMIZATION_LEVEL = "-Onone";
			};
			name = Debug;
		};
		21A88C282A65665E00CBFE40 /* Release */ = {
			isa = XCBuildConfiguration;
			buildSettings = {
				ALWAYS_SEARCH_USER_PATHS = NO;
				CLANG_ANALYZER_NONNULL = YES;
				CLANG_ANALYZER_NUMBER_OBJECT_CONVERSION = YES_AGGRESSIVE;
				CLANG_CXX_LANGUAGE_STANDARD = "gnu++17";
				CLANG_CXX_LIBRARY = "libc++";
				CLANG_ENABLE_MODULES = YES;
				CLANG_ENABLE_OBJC_ARC = YES;
				CLANG_ENABLE_OBJC_WEAK = YES;
				CLANG_WARN_BLOCK_CAPTURE_AUTORELEASING = YES;
				CLANG_WARN_BOOL_CONVERSION = YES;
				CLANG_WARN_COMMA = YES;
				CLANG_WARN_CONSTANT_CONVERSION = YES;
				CLANG_WARN_DEPRECATED_OBJC_IMPLEMENTATIONS = YES;
				CLANG_WARN_DIRECT_OBJC_ISA_USAGE = YES_ERROR;
				CLANG_WARN_DOCUMENTATION_COMMENTS = YES;
				CLANG_WARN_EMPTY_BODY = YES;
				CLANG_WARN_ENUM_CONVERSION = YES;
				CLANG_WARN_INFINITE_RECURSION = YES;
				CLANG_WARN_INT_CONVERSION = YES;
				CLANG_WARN_NON_LITERAL_NULL_CONVERSION = YES;
				CLANG_WARN_OBJC_IMPLICIT_RETAIN_SELF = YES;
				CLANG_WARN_OBJC_LITERAL_CONVERSION = YES;
				CLANG_WARN_OBJC_ROOT_CLASS = YES_ERROR;
				CLANG_WARN_QUOTED_INCLUDE_IN_FRAMEWORK_HEADER = YES;
				CLANG_WARN_RANGE_LOOP_ANALYSIS = YES;
				CLANG_WARN_STRICT_PROTOTYPES = YES;
				CLANG_WARN_SUSPICIOUS_MOVE = YES;
				CLANG_WARN_UNGUARDED_AVAILABILITY = YES_AGGRESSIVE;
				CLANG_WARN_UNREACHABLE_CODE = YES;
				CLANG_WARN__DUPLICATE_METHOD_MATCH = YES;
				COPY_PHASE_STRIP = NO;
				DEBUG_INFORMATION_FORMAT = "dwarf-with-dsym";
				ENABLE_NS_ASSERTIONS = NO;
				ENABLE_STRICT_OBJC_MSGSEND = YES;
				GCC_C_LANGUAGE_STANDARD = gnu11;
				GCC_NO_COMMON_BLOCKS = YES;
				GCC_WARN_64_TO_32_BIT_CONVERSION = YES;
				GCC_WARN_ABOUT_RETURN_TYPE = YES_ERROR;
				GCC_WARN_UNDECLARED_SELECTOR = YES;
				GCC_WARN_UNINITIALIZED_AUTOS = YES_AGGRESSIVE;
				GCC_WARN_UNUSED_FUNCTION = YES;
				GCC_WARN_UNUSED_VARIABLE = YES;
				MACOSX_DEPLOYMENT_TARGET = 11.7;
				MTL_ENABLE_DEBUG_INFO = NO;
				MTL_FAST_MATH = YES;
				SDKROOT = macosx;
				SWIFT_COMPILATION_MODE = wholemodule;
				SWIFT_OPTIMIZATION_LEVEL = "-O";
			};
			name = Release;
		};
		21A88C2A2A65665E00CBFE40 /* Debug */ = {
			isa = XCBuildConfiguration;
			buildSettings = {
				CODE_SIGN_STYLE = Automatic;
				PRODUCT_NAME = "$(TARGET_NAME)";
				SWIFT_VERSION = 5.0;
			};
			name = Debug;
		};
		21A88C2B2A65665E00CBFE40 /* Release */ = {
			isa = XCBuildConfiguration;
			buildSettings = {
				CODE_SIGN_STYLE = Automatic;
				PRODUCT_NAME = "$(TARGET_NAME)";
				SWIFT_VERSION = 5.0;
			};
			name = Release;
		};
/* End XCBuildConfiguration section */

/* Begin XCConfigurationList section */
		21A88C1D2A65665E00CBFE40 /* Build configuration list for PBXProject "JERMIDI_Jimmy_1_code_source_072023" */ = {
			isa = XCConfigurationList;
			buildConfigurations = (
				21A88C272A65665E00CBFE40 /* Debug */,
				21A88C282A65665E00CBFE40 /* Release */,
			);
			defaultConfigurationIsVisible = 0;
			defaultConfigurationName = Release;
		};
		21A88C292A65665E00CBFE40 /* Build configuration list for PBXNativeTarget "JERMIDI_Jimmy_1_code_source_072023" */ = {
			isa = XCConfigurationList;
			buildConfigurations = (
				21A88C2A2A65665E00CBFE40 /* Debug */,
				21A88C2B2A65665E00CBFE40 /* Release */,
			);
			defaultConfigurationIsVisible = 0;
			defaultConfigurationName = Release;
		};
/* End XCConfigurationList section */
	};
	rootObject = 21A88C1A2A65665E00CBFE40 /* Project object */;
}
